
Microsoft Visual Studio Solution File, Format Version 12.00
# Visual Studio Version 17
VisualStudioVersion = 17.13.35913.81 d17.13
MinimumVisualStudioVersion = 10.0.40219.1
Project("{FAE04EC0-301F-11D3-BF4B-00C04F79EFBC}") = "APIAondeAssistir", "APIAondeAssistir.csproj", "{0535B48F-AB73-48D6-BEC4-7443A0F58338}"
EndProject
Global
	GlobalSection(SolutionConfigurationPlatforms) = preSolution
		Debug|Any CPU = Debug|Any CPU
		Release|Any CPU = Release|Any CPU
	EndGlobalSection
	GlobalSection(ProjectConfigurationPlatforms) = postSolution
		{0535B48F-AB73-48D6-BEC4-7443A0F58338}.Debug|Any CPU.ActiveCfg = Debug|Any CPU
		{0535B48F-AB73-48D6-BEC4-7443A0F58338}.Debug|Any CPU.Build.0 = Debug|Any CPU
		{0535B48F-AB73-48D6-BEC4-7443A0F58338}.Release|Any CPU.ActiveCfg = Release|Any CPU
		{0535B48F-AB73-48D6-BEC4-7443A0F58338}.Release|Any CPU.Build.0 = Release|Any CPU
	EndGlobalSection
	GlobalSection(SolutionProperties) = preSolution
		HideSolutionNode = FALSE
	EndGlobalSection
	GlobalSection(ExtensibilityGlobals) = postSolution
		SolutionGuid = {38ED27B1-58B9-41DD-8FA2-881C6C8EBD42}
	EndGlobalSection
EndGlobal
